// !$*UTF8*$!
{
	archiveVersion = 1;
	classes = {
	};
	objectVersion = 46;
	objects = {

/* Begin PBXBuildFile section */
		1D3623260D0F684500981E51 /* iSENSE_Data_CollectorAppDelegate.m in Sources */ = {isa = PBXBuildFile; fileRef = 1D3623250D0F684500981E51 /* iSENSE_Data_CollectorAppDelegate.m */; };
		1D60589B0D05DD56006BFB54 /* main.m in Sources */ = {isa = PBXBuildFile; fileRef = 29B97316FDCFA39411CA2CEA /* main.m */; };
		1D60589F0D05DD5A006BFB54 /* Foundation.framework in Frameworks */ = {isa = PBXBuildFile; fileRef = 1D30AB110D05D00D00671497 /* Foundation.framework */; };
		1DF5F4E00D08C38300B7A737 /* UIKit.framework in Frameworks */ = {isa = PBXBuildFile; fileRef = 1DF5F4DF0D08C38300B7A737 /* UIKit.framework */; };
		288765A50DF7441C002DB57D /* CoreGraphics.framework in Frameworks */ = {isa = PBXBuildFile; fileRef = 288765A40DF7441C002DB57D /* CoreGraphics.framework */; };
		390B182E1642C1C900E8D0D2 /* MainWindow.xib in Resources */ = {isa = PBXBuildFile; fileRef = 390B182D1642C1C900E8D0D2 /* MainWindow.xib */; };
		390B18391642C42B00E8D0D2 /* iSENSE_Data_CollectorViewController_iPad.m in Sources */ = {isa = PBXBuildFile; fileRef = 390B18381642C42B00E8D0D2 /* iSENSE_Data_CollectorViewController_iPad.m */; };
		3968C3EC16529EEF00BE9DAD /* MainWindow-iPad.xib in Resources */ = {isa = PBXBuildFile; fileRef = 3968C3EB16529EEF00BE9DAD /* MainWindow-iPad.xib */; };
		39737AB516402955003E02BA /* UIPicButton.m in Sources */ = {isa = PBXBuildFile; fileRef = 39737AB416402955003E02BA /* UIPicButton.m */; };
		39862A29164166240035E040 /* green_button.png in Resources */ = {isa = PBXBuildFile; fileRef = 39862A28164166240035E040 /* green_button.png */; };
		39862A2B164166460035E040 /* icon_ios.png in Resources */ = {isa = PBXBuildFile; fileRef = 39862A2A164166460035E040 /* icon_ios.png */; };
		39862A2D164166530035E040 /* logo_red.png in Resources */ = {isa = PBXBuildFile; fileRef = 39862A2C164166530035E040 /* logo_red.png */; };
		39862A2F1641665F0035E040 /* red_button.png in Resources */ = {isa = PBXBuildFile; fileRef = 39862A2E1641665F0035E040 /* red_button.png */; };
		39862A311641667F0035E040 /* button-37.wav in Resources */ = {isa = PBXBuildFile; fileRef = 39862A301641667F0035E040 /* button-37.wav */; };
		39862A33164166D60035E040 /* logo_green.png in Resources */ = {isa = PBXBuildFile; fileRef = 39862A32164166D60035E040 /* logo_green.png */; };
		398CB6E2168E107F00AA7612 /* RestAPI.m in Sources */ = {isa = PBXBuildFile; fileRef = 398CB6DF168E107F00AA7612 /* RestAPI.m */; };
		398CB6E3168E107F00AA7612 /* RestAPIConnectionDelegate.m in Sources */ = {isa = PBXBuildFile; fileRef = 398CB6E1168E107F00AA7612 /* RestAPIConnectionDelegate.m */; };
		39B1890C162C5054002058DA /* AudioToolbox.framework in Frameworks */ = {isa = PBXBuildFile; fileRef = 39B1890B162C5054002058DA /* AudioToolbox.framework */; };
/* End PBXBuildFile section */

/* Begin PBXFileReference section */
		1D30AB110D05D00D00671497 /* Foundation.framework */ = {isa = PBXFileReference; lastKnownFileType = wrapper.framework; name = Foundation.framework; path = System/Library/Frameworks/Foundation.framework; sourceTree = SDKROOT; };
		1D3623240D0F684500981E51 /* iSENSE_Data_CollectorAppDelegate.h */ = {isa = PBXFileReference; fileEncoding = 4; lastKnownFileType = sourcecode.c.h; path = iSENSE_Data_CollectorAppDelegate.h; sourceTree = "<group>"; };
		1D3623250D0F684500981E51 /* iSENSE_Data_CollectorAppDelegate.m */ = {isa = PBXFileReference; fileEncoding = 4; lastKnownFileType = sourcecode.c.objc; path = iSENSE_Data_CollectorAppDelegate.m; sourceTree = "<group>"; };
		1D6058910D05DD3D006BFB54 /* iSENSE_Data_Collector.app */ = {isa = PBXFileReference; explicitFileType = wrapper.application; includeInIndex = 0; path = iSENSE_Data_Collector.app; sourceTree = BUILT_PRODUCTS_DIR; };
		1DF5F4DF0D08C38300B7A737 /* UIKit.framework */ = {isa = PBXFileReference; lastKnownFileType = wrapper.framework; name = UIKit.framework; path = System/Library/Frameworks/UIKit.framework; sourceTree = SDKROOT; };
		288765A40DF7441C002DB57D /* CoreGraphics.framework */ = {isa = PBXFileReference; lastKnownFileType = wrapper.framework; name = CoreGraphics.framework; path = System/Library/Frameworks/CoreGraphics.framework; sourceTree = SDKROOT; };
		29B97316FDCFA39411CA2CEA /* main.m */ = {isa = PBXFileReference; fileEncoding = 4; lastKnownFileType = sourcecode.c.objc; path = main.m; sourceTree = "<group>"; };
		32CA4F630368D1EE00C91783 /* iSENSE_Data_Collector_Prefix.pch */ = {isa = PBXFileReference; fileEncoding = 4; lastKnownFileType = sourcecode.c.h; path = iSENSE_Data_Collector_Prefix.pch; sourceTree = "<group>"; };
		390B182D1642C1C900E8D0D2 /* MainWindow.xib */ = {isa = PBXFileReference; lastKnownFileType = file.xib; name = MainWindow.xib; path = ../MainWindow.xib; sourceTree = "<group>"; };
		390B18371642C42B00E8D0D2 /* iSENSE_Data_CollectorViewController_iPad.h */ = {isa = PBXFileReference; fileEncoding = 4; lastKnownFileType = sourcecode.c.h; path = iSENSE_Data_CollectorViewController_iPad.h; sourceTree = "<group>"; };
		390B18381642C42B00E8D0D2 /* iSENSE_Data_CollectorViewController_iPad.m */ = {isa = PBXFileReference; fileEncoding = 4; lastKnownFileType = sourcecode.c.objc; path = iSENSE_Data_CollectorViewController_iPad.m; sourceTree = "<group>"; };
		3968C3EB16529EEF00BE9DAD /* MainWindow-iPad.xib */ = {isa = PBXFileReference; lastKnownFileType = file.xib; name = "MainWindow-iPad.xib"; path = "Resources-iPad/MainWindow-iPad.xib"; sourceTree = "<group>"; };
		39737AB316402955003E02BA /* UIPicButton.h */ = {isa = PBXFileReference; fileEncoding = 4; lastKnownFileType = sourcecode.c.h; path = UIPicButton.h; sourceTree = "<group>"; };
		39737AB416402955003E02BA /* UIPicButton.m */ = {isa = PBXFileReference; fileEncoding = 4; lastKnownFileType = sourcecode.c.objc; path = UIPicButton.m; sourceTree = "<group>"; };
		39862A28164166240035E040 /* green_button.png */ = {isa = PBXFileReference; lastKnownFileType = image.png; name = green_button.png; path = Resources/green_button.png; sourceTree = "<group>"; };
		39862A2A164166460035E040 /* icon_ios.png */ = {isa = PBXFileReference; lastKnownFileType = image.png; name = icon_ios.png; path = Resources/icon_ios.png; sourceTree = "<group>"; };
		39862A2C164166530035E040 /* logo_red.png */ = {isa = PBXFileReference; lastKnownFileType = image.png; name = logo_red.png; path = Resources/logo_red.png; sourceTree = "<group>"; };
		39862A2E1641665F0035E040 /* red_button.png */ = {isa = PBXFileReference; lastKnownFileType = image.png; name = red_button.png; path = Resources/red_button.png; sourceTree = "<group>"; };
		39862A301641667F0035E040 /* button-37.wav */ = {isa = PBXFileReference; lastKnownFileType = audio.wav; name = "button-37.wav"; path = "Resources/button-37.wav"; sourceTree = "<group>"; };
		39862A32164166D60035E040 /* logo_green.png */ = {isa = PBXFileReference; lastKnownFileType = image.png; name = logo_green.png; path = Resources/logo_green.png; sourceTree = "<group>"; };
		398CB6DE168E107F00AA7612 /* RestAPI.h */ = {isa = PBXFileReference; fileEncoding = 4; lastKnownFileType = sourcecode.c.h; path = RestAPI.h; sourceTree = "<group>"; };
		398CB6DF168E107F00AA7612 /* RestAPI.m */ = {isa = PBXFileReference; fileEncoding = 4; lastKnownFileType = sourcecode.c.objc; path = RestAPI.m; sourceTree = "<group>"; };
		398CB6E0168E107F00AA7612 /* RestAPIConnectionDelegate.h */ = {isa = PBXFileReference; fileEncoding = 4; lastKnownFileType = sourcecode.c.h; path = RestAPIConnectionDelegate.h; sourceTree = "<group>"; };
		398CB6E1168E107F00AA7612 /* RestAPIConnectionDelegate.m */ = {isa = PBXFileReference; fileEncoding = 4; lastKnownFileType = sourcecode.c.objc; path = RestAPIConnectionDelegate.m; sourceTree = "<group>"; };
		39B1890B162C5054002058DA /* AudioToolbox.framework */ = {isa = PBXFileReference; lastKnownFileType = wrapper.framework; name = AudioToolbox.framework; path = System/Library/Frameworks/AudioToolbox.framework; sourceTree = SDKROOT; };
		8D1107310486CEB800E47090 /* iSENSE_Data_Collector-Info.plist */ = {isa = PBXFileReference; fileEncoding = 4; lastKnownFileType = text.plist.xml; path = "iSENSE_Data_Collector-Info.plist"; plistStructureDefinitionIdentifier = "com.apple.xcode.plist.structure-definition.iphone.info-plist"; sourceTree = "<group>"; };
/* End PBXFileReference section */

/* Begin PBXFrameworksBuildPhase section */
		1D60588F0D05DD3D006BFB54 /* Frameworks */ = {
			isa = PBXFrameworksBuildPhase;
			buildActionMask = 2147483647;
			files = (
				1D60589F0D05DD5A006BFB54 /* Foundation.framework in Frameworks */,
				1DF5F4E00D08C38300B7A737 /* UIKit.framework in Frameworks */,
				288765A50DF7441C002DB57D /* CoreGraphics.framework in Frameworks */,
				39B1890C162C5054002058DA /* AudioToolbox.framework in Frameworks */,
			);
			runOnlyForDeploymentPostprocessing = 0;
		};
/* End PBXFrameworksBuildPhase section */

/* Begin PBXGroup section */
		080E96DDFE201D6D7F000001 /* Classes */ = {
			isa = PBXGroup;
			children = (
				398CB6DD168E104D00AA7612 /* RestAPI */,
				398CB6D9168E059800AA7612 /* MainActivity_Automatic */,
				398CB6D2168DF7E400AA7612 /* AppDelegate */,
				3924923E168DF5AC00AFFB2E /* HandyObjects */,
			);
			path = Classes;
			sourceTree = "<group>";
		};
		19C28FACFE9D520D11CA2CBB /* Products */ = {
			isa = PBXGroup;
			children = (
				1D6058910D05DD3D006BFB54 /* iSENSE_Data_Collector.app */,
			);
			name = Products;
			sourceTree = "<group>";
		};
		29B97314FDCFA39411CA2CEA /* CustomTemplate */ = {
			isa = PBXGroup;
			children = (
				080E96DDFE201D6D7F000001 /* Classes */,
				29B97315FDCFA39411CA2CEA /* Other Sources */,
				29B97317FDCFA39411CA2CEA /* Resources-Shared */,
				3968C3EA16529EEE00BE9DAD /* Resources-iPad */,
				3924923F168DF60100AFFB2E /* Resources-iPhone */,
				29B97323FDCFA39411CA2CEA /* Frameworks */,
				19C28FACFE9D520D11CA2CBB /* Products */,
			);
			name = CustomTemplate;
			sourceTree = "<group>";
		};
		29B97315FDCFA39411CA2CEA /* Other Sources */ = {
			isa = PBXGroup;
			children = (
				32CA4F630368D1EE00C91783 /* iSENSE_Data_Collector_Prefix.pch */,
				29B97316FDCFA39411CA2CEA /* main.m */,
			);
			name = "Other Sources";
			sourceTree = "<group>";
		};
		29B97317FDCFA39411CA2CEA /* Resources-Shared */ = {
			isa = PBXGroup;
			children = (
				39249241168DF74300AFFB2E /* Audio */,
				39249240168DF71900AFFB2E /* Images */,
				8D1107310486CEB800E47090 /* iSENSE_Data_Collector-Info.plist */,
			);
			name = "Resources-Shared";
			sourceTree = "<group>";
		};
		29B97323FDCFA39411CA2CEA /* Frameworks */ = {
			isa = PBXGroup;
			children = (
				1DF5F4DF0D08C38300B7A737 /* UIKit.framework */,
				1D30AB110D05D00D00671497 /* Foundation.framework */,
				288765A40DF7441C002DB57D /* CoreGraphics.framework */,
				39B1890B162C5054002058DA /* AudioToolbox.framework */,
			);
			name = Frameworks;
			sourceTree = "<group>";
		};
		3924923D168DF4C200AFFB2E /* UIPicButton */ = {
			isa = PBXGroup;
			children = (
				39737AB316402955003E02BA /* UIPicButton.h */,
				39737AB416402955003E02BA /* UIPicButton.m */,
			);
			name = UIPicButton;
			sourceTree = "<group>";
		};
		3924923E168DF5AC00AFFB2E /* HandyObjects */ = {
			isa = PBXGroup;
			children = (
				3924923D168DF4C200AFFB2E /* UIPicButton */,
			);
			name = HandyObjects;
			sourceTree = "<group>";
		};
		3924923F168DF60100AFFB2E /* Resources-iPhone */ = {
			isa = PBXGroup;
			children = (
				390B182D1642C1C900E8D0D2 /* MainWindow.xib */,
			);
			name = "Resources-iPhone";
			path = Classes;
			sourceTree = "<group>";
		};
		39249240168DF71900AFFB2E /* Images */ = {
			isa = PBXGroup;
			children = (
				39862A28164166240035E040 /* green_button.png */,
				39862A2A164166460035E040 /* icon_ios.png */,
				39862A2C164166530035E040 /* logo_red.png */,
				39862A2E1641665F0035E040 /* red_button.png */,
				39862A32164166D60035E040 /* logo_green.png */,
			);
			name = Images;
			sourceTree = "<group>";
		};
		39249241168DF74300AFFB2E /* Audio */ = {
			isa = PBXGroup;
			children = (
				39862A301641667F0035E040 /* button-37.wav */,
			);
			name = Audio;
			sourceTree = "<group>";
		};
		3968C3EA16529EEE00BE9DAD /* Resources-iPad */ = {
			isa = PBXGroup;
			children = (
				3968C3EB16529EEF00BE9DAD /* MainWindow-iPad.xib */,
			);
			name = "Resources-iPad";
			sourceTree = "<group>";
		};
		398CB6D2168DF7E400AA7612 /* AppDelegate */ = {
			isa = PBXGroup;
			children = (
				1D3623240D0F684500981E51 /* iSENSE_Data_CollectorAppDelegate.h */,
				1D3623250D0F684500981E51 /* iSENSE_Data_CollectorAppDelegate.m */,
			);
			name = AppDelegate;
			sourceTree = "<group>";
		};
		398CB6D9168E059800AA7612 /* MainActivity_Automatic */ = {
			isa = PBXGroup;
			children = (
				390B18381642C42B00E8D0D2 /* iSENSE_Data_CollectorViewController_iPad.m */,
				390B18371642C42B00E8D0D2 /* iSENSE_Data_CollectorViewController_iPad.h */,
			);
			name = MainActivity_Automatic;
			sourceTree = "<group>";
		};
		398CB6DD168E104D00AA7612 /* RestAPI */ = {
			isa = PBXGroup;
			children = (
				398CB6DE168E107F00AA7612 /* RestAPI.h */,
				398CB6DF168E107F00AA7612 /* RestAPI.m */,
				398CB6E0168E107F00AA7612 /* RestAPIConnectionDelegate.h */,
				398CB6E1168E107F00AA7612 /* RestAPIConnectionDelegate.m */,
			);
			name = RestAPI;
			sourceTree = "<group>";
		};
/* End PBXGroup section */

/* Begin PBXNativeTarget section */
		1D6058900D05DD3D006BFB54 /* iSENSE_Data_Collector */ = {
			isa = PBXNativeTarget;
			buildConfigurationList = 1D6058960D05DD3E006BFB54 /* Build configuration list for PBXNativeTarget "iSENSE_Data_Collector" */;
			buildPhases = (
				1D60588D0D05DD3D006BFB54 /* Resources */,
				1D60588E0D05DD3D006BFB54 /* Sources */,
				1D60588F0D05DD3D006BFB54 /* Frameworks */,
			);
			buildRules = (
			);
			dependencies = (
			);
			name = iSENSE_Data_Collector;
			productName = iSENSE_Data_Collector;
			productReference = 1D6058910D05DD3D006BFB54 /* iSENSE_Data_Collector.app */;
			productType = "com.apple.product-type.application";
		};
/* End PBXNativeTarget section */

/* Begin PBXProject section */
		29B97313FDCFA39411CA2CEA /* Project object */ = {
			isa = PBXProject;
			attributes = {
				LastUpgradeCheck = 0420;
			};
			buildConfigurationList = C01FCF4E08A954540054247B /* Build configuration list for PBXProject "iSENSE_Data_Collector" */;
			compatibilityVersion = "Xcode 3.2";
			developmentRegion = English;
			hasScannedForEncodings = 1;
			knownRegions = (
				English,
				Japanese,
				French,
				German,
			);
			mainGroup = 29B97314FDCFA39411CA2CEA /* CustomTemplate */;
			projectDirPath = "";
			projectRoot = "";
			targets = (
				1D6058900D05DD3D006BFB54 /* iSENSE_Data_Collector */,
			);
		};
/* End PBXProject section */

/* Begin PBXResourcesBuildPhase section */
		1D60588D0D05DD3D006BFB54 /* Resources */ = {
			isa = PBXResourcesBuildPhase;
			buildActionMask = 2147483647;
			files = (
				39862A29164166240035E040 /* green_button.png in Resources */,
				39862A2B164166460035E040 /* icon_ios.png in Resources */,
				39862A2D164166530035E040 /* logo_red.png in Resources */,
				39862A2F1641665F0035E040 /* red_button.png in Resources */,
				39862A311641667F0035E040 /* button-37.wav in Resources */,
				39862A33164166D60035E040 /* logo_green.png in Resources */,
				390B182E1642C1C900E8D0D2 /* MainWindow.xib in Resources */,
				3968C3EC16529EEF00BE9DAD /* MainWindow-iPad.xib in Resources */,
			);
			runOnlyForDeploymentPostprocessing = 0;
		};
/* End PBXResourcesBuildPhase section */

/* Begin PBXSourcesBuildPhase section */
		1D60588E0D05DD3D006BFB54 /* Sources */ = {
			isa = PBXSourcesBuildPhase;
			buildActionMask = 2147483647;
			files = (
				1D60589B0D05DD56006BFB54 /* main.m in Sources */,
				1D3623260D0F684500981E51 /* iSENSE_Data_CollectorAppDelegate.m in Sources */,
				39737AB516402955003E02BA /* UIPicButton.m in Sources */,
				390B18391642C42B00E8D0D2 /* iSENSE_Data_CollectorViewController_iPad.m in Sources */,
				398CB6E2168E107F00AA7612 /* RestAPI.m in Sources */,
				398CB6E3168E107F00AA7612 /* RestAPIConnectionDelegate.m in Sources */,
			);
			runOnlyForDeploymentPostprocessing = 0;
		};
/* End PBXSourcesBuildPhase section */

/* Begin XCBuildConfiguration section */
		1D6058940D05DD3E006BFB54 /* Debug */ = {
			isa = XCBuildConfiguration;
			buildSettings = {
				ALWAYS_SEARCH_USER_PATHS = NO;
				ARCHS = "$(ARCHS_STANDARD_32_BIT)";
				COPY_PHASE_STRIP = NO;
				GCC_DYNAMIC_NO_PIC = NO;
				GCC_OPTIMIZATION_LEVEL = 0;
				GCC_PRECOMPILE_PREFIX_HEADER = YES;
				GCC_PREFIX_HEADER = iSENSE_Data_Collector_Prefix.pch;
				INFOPLIST_FILE = "iSENSE_Data_Collector-Info.plist";
				LIBRARY_SEARCH_PATHS = (
					"$(inherited)",
					"\"$(SRCROOT)/../iSENSE_API/build/Debug-iphonesimulator\"",
				);
				PRODUCT_NAME = iSENSE_Data_Collector;
				SDKROOT = iphoneos;
				TARGETED_DEVICE_FAMILY = "1,2";
			};
			name = Debug;
		};
		1D6058950D05DD3E006BFB54 /* Release */ = {
			isa = XCBuildConfiguration;
			buildSettings = {
				ALWAYS_SEARCH_USER_PATHS = NO;
				ARCHS = "$(ARCHS_STANDARD_32_BIT)";
				COPY_PHASE_STRIP = YES;
				GCC_PRECOMPILE_PREFIX_HEADER = YES;
				GCC_PREFIX_HEADER = iSENSE_Data_Collector_Prefix.pch;
				INFOPLIST_FILE = "iSENSE_Data_Collector-Info.plist";
				LIBRARY_SEARCH_PATHS = (
					"$(inherited)",
					"\"$(SRCROOT)/../iSENSE_API/build/Debug-iphonesimulator\"",
				);
				PRODUCT_NAME = iSENSE_Data_Collector;
				SDKROOT = iphoneos;
				TARGETED_DEVICE_FAMILY = "1,2";
				VALIDATE_PRODUCT = YES;
			};
			name = Release;
		};
		C01FCF4F08A954540054247B /* Debug */ = {
			isa = XCBuildConfiguration;
			buildSettings = {
				ARCHS = "$(ARCHS_STANDARD_32_BIT)";
				"CODE_SIGN_IDENTITY[sdk=iphoneos*]" = "iPhone Developer";
				GCC_C_LANGUAGE_STANDARD = c99;
				GCC_WARN_ABOUT_RETURN_TYPE = YES;
				GCC_WARN_UNUSED_VARIABLE = YES;
				SDKROOT = iphoneos;
			};
			name = Debug;
		};
		C01FCF5008A954540054247B /* Release */ = {
			isa = XCBuildConfiguration;
			buildSettings = {
				ARCHS = "$(ARCHS_STANDARD_32_BIT)";
				"CODE_SIGN_IDENTITY[sdk=iphoneos*]" = "iPhone Developer";
				GCC_C_LANGUAGE_STANDARD = c99;
				GCC_WARN_ABOUT_RETURN_TYPE = YES;
				GCC_WARN_UNUSED_VARIABLE = YES;
				OTHER_CFLAGS = "-DNS_BLOCK_ASSERTIONS=1";
				SDKROOT = iphoneos;
			};
			name = Release;
		};
/* End XCBuildConfiguration section */

/* Begin XCConfigurationList section */
		1D6058960D05DD3E006BFB54 /* Build configuration list for PBXNativeTarget "iSENSE_Data_Collector" */ = {
			isa = XCConfigurationList;
			buildConfigurations = (
				1D6058940D05DD3E006BFB54 /* Debug */,
				1D6058950D05DD3E006BFB54 /* Release */,
			);
			defaultConfigurationIsVisible = 0;
			defaultConfigurationName = Release;
		};
		C01FCF4E08A954540054247B /* Build configuration list for PBXProject "iSENSE_Data_Collector" */ = {
			isa = XCConfigurationList;
			buildConfigurations = (
				C01FCF4F08A954540054247B /* Debug */,
				C01FCF5008A954540054247B /* Release */,
			);
			defaultConfigurationIsVisible = 0;
			defaultConfigurationName = Release;
		};
/* End XCConfigurationList section */
	};
	rootObject = 29B97313FDCFA39411CA2CEA /* Project object */;
}
