// !$*UTF8*$!
{
	archiveVersion = 1;
	classes = {
	};
	objectVersion = 45;
	objects = {

/* Begin PBXBuildFile section */
		1D3623260D0F684500981E51 /* SplashAppDelegate.m in Sources */ = {isa = PBXBuildFile; fileRef = 1D3623250D0F684500981E51 /* SplashAppDelegate.m */; };
		1D60589B0D05DD56006BFB54 /* main.m in Sources */ = {isa = PBXBuildFile; fileRef = 29B97316FDCFA39411CA2CEA /* main.m */; };
		1D60589F0D05DD5A006BFB54 /* Foundation.framework in Frameworks */ = {isa = PBXBuildFile; fileRef = 1D30AB110D05D00D00671497 /* Foundation.framework */; };
		1DF5F4E00D08C38300B7A737 /* UIKit.framework in Frameworks */ = {isa = PBXBuildFile; fileRef = 1DF5F4DF0D08C38300B7A737 /* UIKit.framework */; };
		288765FD0DF74451002DB57D /* CoreGraphics.framework in Frameworks */ = {isa = PBXBuildFile; fileRef = 288765FC0DF74451002DB57D /* CoreGraphics.framework */; };
		28AD733F0D9D9553002E5188 /* MainWindow.xib in Resources */ = {isa = PBXBuildFile; fileRef = 28AD733E0D9D9553002E5188 /* MainWindow.xib */; };
		522D43F1168B5A2B00FB3667 /* AutomaticViewController.m in Sources */ = {isa = PBXBuildFile; fileRef = 522D43EF168B5A2B00FB3667 /* AutomaticViewController.m */; };
		522D43F2168B5A2B00FB3667 /* AutomaticViewController.xib in Resources */ = {isa = PBXBuildFile; fileRef = 522D43F0168B5A2B00FB3667 /* AutomaticViewController.xib */; };
		522D4467168B645F00FB3667 /* AutomaticViewController-iPad.xib in Resources */ = {isa = PBXBuildFile; fileRef = 522D4466168B645F00FB3667 /* AutomaticViewController-iPad.xib */; };
		523000E0167784F1002FCF96 /* MainWindow-iPad.xib in Resources */ = {isa = PBXBuildFile; fileRef = 523000DF167784F1002FCF96 /* MainWindow-iPad.xib */; };
		525555C8166E81C700E7A6E5 /* Strings.strings in Resources */ = {isa = PBXBuildFile; fileRef = 525555C7166E81C700E7A6E5 /* Strings.strings */; };
		5272ED16166E44A20035678D /* data_collector_logo.png in Resources */ = {isa = PBXBuildFile; fileRef = 5272ED10166E44A20035678D /* data_collector_logo.png */; };
		5272ED17166E44A20035678D /* ic_tab_about.png in Resources */ = {isa = PBXBuildFile; fileRef = 5272ED11166E44A20035678D /* ic_tab_about.png */; };
		5272ED18166E44A20035678D /* ic_tab_guide.png in Resources */ = {isa = PBXBuildFile; fileRef = 5272ED12166E44A20035678D /* ic_tab_guide.png */; };
		5272ED19166E44A20035678D /* ic_tab_main.png in Resources */ = {isa = PBXBuildFile; fileRef = 5272ED13166E44A20035678D /* ic_tab_main.png */; };
		5272ED1A166E44A20035678D /* icon.png in Resources */ = {isa = PBXBuildFile; fileRef = 5272ED14166E44A20035678D /* icon.png */; };
		5272ED1B166E44A20035678D /* spinner_orb.png in Resources */ = {isa = PBXBuildFile; fileRef = 5272ED15166E44A20035678D /* spinner_orb.png */; };
/* End PBXBuildFile section */

/* Begin PBXFileReference section */
		1D30AB110D05D00D00671497 /* Foundation.framework */ = {isa = PBXFileReference; lastKnownFileType = wrapper.framework; name = Foundation.framework; path = System/Library/Frameworks/Foundation.framework; sourceTree = SDKROOT; };
		1D3623240D0F684500981E51 /* SplashAppDelegate.h */ = {isa = PBXFileReference; fileEncoding = 4; lastKnownFileType = sourcecode.c.h; path = SplashAppDelegate.h; sourceTree = "<group>"; };
		1D3623250D0F684500981E51 /* SplashAppDelegate.m */ = {isa = PBXFileReference; fileEncoding = 4; lastKnownFileType = sourcecode.c.objc; path = SplashAppDelegate.m; sourceTree = "<group>"; };
		1D6058910D05DD3D006BFB54 /* Splash.app */ = {isa = PBXFileReference; explicitFileType = wrapper.application; includeInIndex = 0; path = Splash.app; sourceTree = BUILT_PRODUCTS_DIR; };
		1DF5F4DF0D08C38300B7A737 /* UIKit.framework */ = {isa = PBXFileReference; lastKnownFileType = wrapper.framework; name = UIKit.framework; path = System/Library/Frameworks/UIKit.framework; sourceTree = SDKROOT; };
		288765FC0DF74451002DB57D /* CoreGraphics.framework */ = {isa = PBXFileReference; lastKnownFileType = wrapper.framework; name = CoreGraphics.framework; path = System/Library/Frameworks/CoreGraphics.framework; sourceTree = SDKROOT; };
		28AD733E0D9D9553002E5188 /* MainWindow.xib */ = {isa = PBXFileReference; lastKnownFileType = file.xib; path = MainWindow.xib; sourceTree = "<group>"; };
		29B97316FDCFA39411CA2CEA /* main.m */ = {isa = PBXFileReference; fileEncoding = 4; lastKnownFileType = sourcecode.c.objc; path = main.m; sourceTree = "<group>"; };
		32CA4F630368D1EE00C91783 /* Splash_Prefix.pch */ = {isa = PBXFileReference; fileEncoding = 4; lastKnownFileType = sourcecode.c.h; path = Splash_Prefix.pch; sourceTree = "<group>"; };
		522D43EE168B5A2B00FB3667 /* AutomaticViewController.h */ = {isa = PBXFileReference; fileEncoding = 4; lastKnownFileType = sourcecode.c.h; path = AutomaticViewController.h; sourceTree = "<group>"; };
		522D43EF168B5A2B00FB3667 /* AutomaticViewController.m */ = {isa = PBXFileReference; fileEncoding = 4; lastKnownFileType = sourcecode.c.objc; path = AutomaticViewController.m; sourceTree = "<group>"; };
		522D43F0168B5A2B00FB3667 /* AutomaticViewController.xib */ = {isa = PBXFileReference; lastKnownFileType = file.xib; name = AutomaticViewController.xib; path = Classes/AutomaticViewController.xib; sourceTree = "<group>"; };
		522D4466168B645F00FB3667 /* AutomaticViewController-iPad.xib */ = {isa = PBXFileReference; lastKnownFileType = file.xib; path = "AutomaticViewController-iPad.xib"; sourceTree = "<group>"; };
		523000DF167784F1002FCF96 /* MainWindow-iPad.xib */ = {isa = PBXFileReference; lastKnownFileType = file.xib; name = "MainWindow-iPad.xib"; path = "Resources-iPad/MainWindow-iPad.xib"; sourceTree = "<group>"; };
		525555C7166E81C700E7A6E5 /* Strings.strings */ = {isa = PBXFileReference; fileEncoding = 4; lastKnownFileType = text.plist.strings; path = Strings.strings; sourceTree = "<group>"; };
		5272ED10166E44A20035678D /* data_collector_logo.png */ = {isa = PBXFileReference; lastKnownFileType = image.png; path = data_collector_logo.png; sourceTree = "<group>"; };
		5272ED11166E44A20035678D /* ic_tab_about.png */ = {isa = PBXFileReference; lastKnownFileType = image.png; path = ic_tab_about.png; sourceTree = "<group>"; };
		5272ED12166E44A20035678D /* ic_tab_guide.png */ = {isa = PBXFileReference; lastKnownFileType = image.png; path = ic_tab_guide.png; sourceTree = "<group>"; };
		5272ED13166E44A20035678D /* ic_tab_main.png */ = {isa = PBXFileReference; lastKnownFileType = image.png; path = ic_tab_main.png; sourceTree = "<group>"; };
		5272ED14166E44A20035678D /* icon.png */ = {isa = PBXFileReference; lastKnownFileType = image.png; path = icon.png; sourceTree = "<group>"; };
		5272ED15166E44A20035678D /* spinner_orb.png */ = {isa = PBXFileReference; lastKnownFileType = image.png; path = spinner_orb.png; sourceTree = "<group>"; };
		8D1107310486CEB800E47090 /* Splash-Info.plist */ = {isa = PBXFileReference; fileEncoding = 4; lastKnownFileType = text.plist.xml; path = "Splash-Info.plist"; plistStructureDefinitionIdentifier = "com.apple.xcode.plist.structure-definition.iphone.info-plist"; sourceTree = "<group>"; };
/* End PBXFileReference section */

/* Begin PBXFrameworksBuildPhase section */
		1D60588F0D05DD3D006BFB54 /* Frameworks */ = {
			isa = PBXFrameworksBuildPhase;
			buildActionMask = 2147483647;
			files = (
				1D60589F0D05DD5A006BFB54 /* Foundation.framework in Frameworks */,
				1DF5F4E00D08C38300B7A737 /* UIKit.framework in Frameworks */,
				288765FD0DF74451002DB57D /* CoreGraphics.framework in Frameworks */,
			);
			runOnlyForDeploymentPostprocessing = 0;
		};
/* End PBXFrameworksBuildPhase section */

/* Begin PBXGroup section */
		080E96DDFE201D6D7F000001 /* Classes */ = {
			isa = PBXGroup;
			children = (
				1D3623240D0F684500981E51 /* SplashAppDelegate.h */,
				1D3623250D0F684500981E51 /* SplashAppDelegate.m */,
				522D43EE168B5A2B00FB3667 /* AutomaticViewController.h */,
				522D43EF168B5A2B00FB3667 /* AutomaticViewController.m */,
			);
			path = Classes;
			sourceTree = "<group>";
		};
		19C28FACFE9D520D11CA2CBB /* Products */ = {
			isa = PBXGroup;
			children = (
				1D6058910D05DD3D006BFB54 /* Splash.app */,
			);
			name = Products;
			sourceTree = "<group>";
		};
		29B97314FDCFA39411CA2CEA /* CustomTemplate */ = {
			isa = PBXGroup;
			children = (
				080E96DDFE201D6D7F000001 /* Classes */,
				29B97315FDCFA39411CA2CEA /* Other Sources */,
				29B97317FDCFA39411CA2CEA /* Resources */,
				29B97323FDCFA39411CA2CEA /* Frameworks */,
				19C28FACFE9D520D11CA2CBB /* Products */,
			);
			name = CustomTemplate;
			sourceTree = "<group>";
		};
		29B97315FDCFA39411CA2CEA /* Other Sources */ = {
			isa = PBXGroup;
			children = (
				32CA4F630368D1EE00C91783 /* Splash_Prefix.pch */,
				29B97316FDCFA39411CA2CEA /* main.m */,
			);
			name = "Other Sources";
			sourceTree = "<group>";
		};
		29B97317FDCFA39411CA2CEA /* Resources */ = {
			isa = PBXGroup;
			children = (
				525555C4166E819700E7A6E5 /* Values */,
				5272ED0D166E44730035678D /* Layout */,
				523000DE167784F0002FCF96 /* Layout-iPad */,
				5272ED0C166E44670035678D /* Drawable */,
				8D1107310486CEB800E47090 /* Splash-Info.plist */,
			);
			name = Resources;
			sourceTree = "<group>";
		};
		29B97323FDCFA39411CA2CEA /* Frameworks */ = {
			isa = PBXGroup;
			children = (
				1DF5F4DF0D08C38300B7A737 /* UIKit.framework */,
				1D30AB110D05D00D00671497 /* Foundation.framework */,
				288765FC0DF74451002DB57D /* CoreGraphics.framework */,
			);
			name = Frameworks;
			sourceTree = "<group>";
		};
		523000DE167784F0002FCF96 /* Layout-iPad */ = {
			isa = PBXGroup;
			children = (
				522D4466168B645F00FB3667 /* AutomaticViewController-iPad.xib */,
				523000DF167784F1002FCF96 /* MainWindow-iPad.xib */,
			);
			name = "Layout-iPad";
			sourceTree = "<group>";
		};
		525555C4166E819700E7A6E5 /* Values */ = {
			isa = PBXGroup;
			children = (
				525555C7166E81C700E7A6E5 /* Strings.strings */,
			);
			name = Values;
			sourceTree = "<group>";
		};
		5272ED0C166E44670035678D /* Drawable */ = {
			isa = PBXGroup;
			children = (
				5272ED10166E44A20035678D /* data_collector_logo.png */,
				5272ED11166E44A20035678D /* ic_tab_about.png */,
				5272ED12166E44A20035678D /* ic_tab_guide.png */,
				5272ED13166E44A20035678D /* ic_tab_main.png */,
				5272ED14166E44A20035678D /* icon.png */,
				5272ED15166E44A20035678D /* spinner_orb.png */,
			);
			name = Drawable;
			sourceTree = "<group>";
		};
		5272ED0D166E44730035678D /* Layout */ = {
			isa = PBXGroup;
			children = (
				522D43F0168B5A2B00FB3667 /* AutomaticViewController.xib */,
				28AD733E0D9D9553002E5188 /* MainWindow.xib */,
			);
			name = Layout;
			sourceTree = "<group>";
		};
/* End PBXGroup section */

/* Begin PBXNativeTarget section */
		1D6058900D05DD3D006BFB54 /* Splash */ = {
			isa = PBXNativeTarget;
			buildConfigurationList = 1D6058960D05DD3E006BFB54 /* Build configuration list for PBXNativeTarget "Splash" */;
			buildPhases = (
				1D60588D0D05DD3D006BFB54 /* Resources */,
				1D60588E0D05DD3D006BFB54 /* Sources */,
				1D60588F0D05DD3D006BFB54 /* Frameworks */,
			);
			buildRules = (
			);
			dependencies = (
			);
			name = Splash;
			productName = Splash;
			productReference = 1D6058910D05DD3D006BFB54 /* Splash.app */;
			productType = "com.apple.product-type.application";
		};
/* End PBXNativeTarget section */

/* Begin PBXProject section */
		29B97313FDCFA39411CA2CEA /* Project object */ = {
			isa = PBXProject;
			buildConfigurationList = C01FCF4E08A954540054247B /* Build configuration list for PBXProject "Splash" */;
			compatibilityVersion = "Xcode 3.1";
			developmentRegion = English;
			hasScannedForEncodings = 1;
			knownRegions = (
				English,
				Japanese,
				French,
				German,
			);
			mainGroup = 29B97314FDCFA39411CA2CEA /* CustomTemplate */;
			projectDirPath = "";
			projectRoot = "";
			targets = (
				1D6058900D05DD3D006BFB54 /* Splash */,
			);
		};
/* End PBXProject section */

/* Begin PBXResourcesBuildPhase section */
		1D60588D0D05DD3D006BFB54 /* Resources */ = {
			isa = PBXResourcesBuildPhase;
			buildActionMask = 2147483647;
			files = (
				28AD733F0D9D9553002E5188 /* MainWindow.xib in Resources */,
				5272ED16166E44A20035678D /* data_collector_logo.png in Resources */,
				5272ED17166E44A20035678D /* ic_tab_about.png in Resources */,
				5272ED18166E44A20035678D /* ic_tab_guide.png in Resources */,
				5272ED19166E44A20035678D /* ic_tab_main.png in Resources */,
				5272ED1A166E44A20035678D /* icon.png in Resources */,
				5272ED1B166E44A20035678D /* spinner_orb.png in Resources */,
				525555C8166E81C700E7A6E5 /* Strings.strings in Resources */,
				523000E0167784F1002FCF96 /* MainWindow-iPad.xib in Resources */,
				522D43F2168B5A2B00FB3667 /* AutomaticViewController.xib in Resources */,
				522D4467168B645F00FB3667 /* AutomaticViewController-iPad.xib in Resources */,
			);
			runOnlyForDeploymentPostprocessing = 0;
		};
/* End PBXResourcesBuildPhase section */

/* Begin PBXSourcesBuildPhase section */
		1D60588E0D05DD3D006BFB54 /* Sources */ = {
			isa = PBXSourcesBuildPhase;
			buildActionMask = 2147483647;
			files = (
				1D60589B0D05DD56006BFB54 /* main.m in Sources */,
				1D3623260D0F684500981E51 /* SplashAppDelegate.m in Sources */,
				522D43F1168B5A2B00FB3667 /* AutomaticViewController.m in Sources */,
			);
			runOnlyForDeploymentPostprocessing = 0;
		};
/* End PBXSourcesBuildPhase section */

/* Begin XCBuildConfiguration section */
		1D6058940D05DD3E006BFB54 /* Debug */ = {
			isa = XCBuildConfiguration;
			buildSettings = {
				ALWAYS_SEARCH_USER_PATHS = NO;
				ARCHS = "$(ARCHS_STANDARD_32_BIT)";
				COPY_PHASE_STRIP = NO;
				GCC_DYNAMIC_NO_PIC = NO;
				GCC_OPTIMIZATION_LEVEL = 0;
				GCC_PRECOMPILE_PREFIX_HEADER = YES;
				GCC_PREFIX_HEADER = Splash_Prefix.pch;
				INFOPLIST_FILE = "Splash-Info.plist";
				PRODUCT_NAME = Splash;
				SDKROOT = iphoneos;
				TARGETED_DEVICE_FAMILY = "1,2";
			};
			name = Debug;
		};
		1D6058950D05DD3E006BFB54 /* Release */ = {
			isa = XCBuildConfiguration;
			buildSettings = {
				ALWAYS_SEARCH_USER_PATHS = NO;
				ARCHS = "$(ARCHS_STANDARD_32_BIT)";
				COPY_PHASE_STRIP = YES;
				GCC_PRECOMPILE_PREFIX_HEADER = YES;
				GCC_PREFIX_HEADER = Splash_Prefix.pch;
				INFOPLIST_FILE = "Splash-Info.plist";
				PRODUCT_NAME = Splash;
				SDKROOT = iphoneos;
				TARGETED_DEVICE_FAMILY = "1,2";
				VALIDATE_PRODUCT = YES;
			};
			name = Release;
		};
		C01FCF4F08A954540054247B /* Debug */ = {
			isa = XCBuildConfiguration;
			buildSettings = {
				ARCHS = "$(ARCHS_STANDARD_32_BIT)";
				"CODE_SIGN_IDENTITY[sdk=iphoneos*]" = "iPhone Developer";
				GCC_C_LANGUAGE_STANDARD = c99;
				GCC_WARN_ABOUT_RETURN_TYPE = YES;
				GCC_WARN_UNUSED_VARIABLE = YES;
				PREBINDING = NO;
				SDKROOT = iphoneos;
			};
			name = Debug;
		};
		C01FCF5008A954540054247B /* Release */ = {
			isa = XCBuildConfiguration;
			buildSettings = {
				ARCHS = "$(ARCHS_STANDARD_32_BIT)";
				"CODE_SIGN_IDENTITY[sdk=iphoneos*]" = "iPhone Developer";
				GCC_C_LANGUAGE_STANDARD = c99;
				GCC_WARN_ABOUT_RETURN_TYPE = YES;
				GCC_WARN_UNUSED_VARIABLE = YES;
				OTHER_CFLAGS = "-DNS_BLOCK_ASSERTIONS=1";
				PREBINDING = NO;
				SDKROOT = iphoneos;
			};
			name = Release;
		};
/* End XCBuildConfiguration section */

/* Begin XCConfigurationList section */
		1D6058960D05DD3E006BFB54 /* Build configuration list for PBXNativeTarget "Splash" */ = {
			isa = XCConfigurationList;
			buildConfigurations = (
				1D6058940D05DD3E006BFB54 /* Debug */,
				1D6058950D05DD3E006BFB54 /* Release */,
			);
			defaultConfigurationIsVisible = 0;
			defaultConfigurationName = Release;
		};
		C01FCF4E08A954540054247B /* Build configuration list for PBXProject "Splash" */ = {
			isa = XCConfigurationList;
			buildConfigurations = (
				C01FCF4F08A954540054247B /* Debug */,
				C01FCF5008A954540054247B /* Release */,
			);
			defaultConfigurationIsVisible = 0;
			defaultConfigurationName = Release;
		};
/* End XCConfigurationList section */
	};
	rootObject = 29B97313FDCFA39411CA2CEA /* Project object */;
}
