// !$*UTF8*$!
{
	archiveVersion = 1;
	classes = {
	};
	objectVersion = 45;
	objects = {

/* Begin PBXBuildFile section */
		1D3623260D0F684500981E51 /* SplashAppDelegate.m in Sources */ = {isa = PBXBuildFile; fileRef = 1D3623250D0F684500981E51 /* SplashAppDelegate.m */; };
		1D60589B0D05DD56006BFB54 /* main.m in Sources */ = {isa = PBXBuildFile; fileRef = 29B97316FDCFA39411CA2CEA /* main.m */; };
		1D60589F0D05DD5A006BFB54 /* Foundation.framework in Frameworks */ = {isa = PBXBuildFile; fileRef = 1D30AB110D05D00D00671497 /* Foundation.framework */; };
		1DF5F4E00D08C38300B7A737 /* UIKit.framework in Frameworks */ = {isa = PBXBuildFile; fileRef = 1DF5F4DF0D08C38300B7A737 /* UIKit.framework */; };
		288765FD0DF74451002DB57D /* CoreGraphics.framework in Frameworks */ = {isa = PBXBuildFile; fileRef = 288765FC0DF74451002DB57D /* CoreGraphics.framework */; };
		28AD733F0D9D9553002E5188 /* MainWindow.xib in Resources */ = {isa = PBXBuildFile; fileRef = 28AD733E0D9D9553002E5188 /* MainWindow.xib */; };
		52A09676168E089E00DA6AF6 /* AboutView.m in Sources */ = {isa = PBXBuildFile; fileRef = 52A09674168E089E00DA6AF6 /* AboutView.m */; };
		52A09677168E089E00DA6AF6 /* AboutView.xib in Resources */ = {isa = PBXBuildFile; fileRef = 52A09675168E089E00DA6AF6 /* AboutView.xib */; };
		52A09690168E08D500DA6AF6 /* GuideView.m in Sources */ = {isa = PBXBuildFile; fileRef = 52A0968E168E08D500DA6AF6 /* GuideView.m */; };
		52A09691168E08D500DA6AF6 /* GuideView.xib in Resources */ = {isa = PBXBuildFile; fileRef = 52A0968F168E08D500DA6AF6 /* GuideView.xib */; };
		52D0D755168E13AD008F092C /* MainWindow-iPad.xib in Resources */ = {isa = PBXBuildFile; fileRef = 52D0D754168E13AD008F092C /* MainWindow-iPad.xib */; };
		52D0D760168E14CB008F092C /* SplashView-iPad.xib in Resources */ = {isa = PBXBuildFile; fileRef = 52D0D75F168E14CB008F092C /* SplashView-iPad.xib */; };
		52D0D7A8168E1CFB008F092C /* ManualView.m in Sources */ = {isa = PBXBuildFile; fileRef = 52D0D7A6168E1CFB008F092C /* ManualView.m */; };
		52D0D7A9168E1CFB008F092C /* ManualView.xib in Resources */ = {isa = PBXBuildFile; fileRef = 52D0D7A7168E1CFB008F092C /* ManualView.xib */; };
		52E8ADC41691C5C20070B3DB /* green_button.png in Resources */ = {isa = PBXBuildFile; fileRef = 52E8ADC01691C5C20070B3DB /* green_button.png */; };
		52E8ADC51691C5C20070B3DB /* logo_red.png in Resources */ = {isa = PBXBuildFile; fileRef = 52E8ADC11691C5C20070B3DB /* logo_red.png */; };
		52E8ADC61691C5C20070B3DB /* red_button.png in Resources */ = {isa = PBXBuildFile; fileRef = 52E8ADC21691C5C20070B3DB /* red_button.png */; };
		52E8ADC71691C5C20070B3DB /* logo_green.png in Resources */ = {isa = PBXBuildFile; fileRef = 52E8ADC31691C5C20070B3DB /* logo_green.png */; };
		52E8ADC91691C5D30070B3DB /* button-37.wav in Resources */ = {isa = PBXBuildFile; fileRef = 52E8ADC81691C5D30070B3DB /* button-37.wav */; };
		52E8ADD01691C5FB0070B3DB /* RestAPI.m in Sources */ = {isa = PBXBuildFile; fileRef = 52E8ADCD1691C5FB0070B3DB /* RestAPI.m */; };
		52E8ADD11691C5FB0070B3DB /* RestAPIConnectionDelegate.m in Sources */ = {isa = PBXBuildFile; fileRef = 52E8ADCF1691C5FB0070B3DB /* RestAPIConnectionDelegate.m */; };
		52E8ADD51691C61A0070B3DB /* iSENSE_Data_CollectorViewController_iPad.m in Sources */ = {isa = PBXBuildFile; fileRef = 52E8ADD31691C61A0070B3DB /* iSENSE_Data_CollectorViewController_iPad.m */; };
		52E8ADE61691C7490070B3DB /* iSENSE_Data_CollectorAppDelegate.m in Sources */ = {isa = PBXBuildFile; fileRef = 52E8ADE51691C7490070B3DB /* iSENSE_Data_CollectorAppDelegate.m */; };
		52E8ADED1691C7830070B3DB /* UIPicButton.m in Sources */ = {isa = PBXBuildFile; fileRef = 52E8ADEC1691C7830070B3DB /* UIPicButton.m */; };
		52E8ADFC1691C8000070B3DB /* AudioToolbox.framework in Frameworks */ = {isa = PBXBuildFile; fileRef = 52E8ADFB1691C8000070B3DB /* AudioToolbox.framework */; };
		52EF82F7168DFCA60006DFA1 /* SplashView.m in Sources */ = {isa = PBXBuildFile; fileRef = 52EF82F5168DFCA60006DFA1 /* SplashView.m */; };
		52EF82F8168DFCA60006DFA1 /* SplashView.xib in Resources */ = {isa = PBXBuildFile; fileRef = 52EF82F6168DFCA60006DFA1 /* SplashView.xib */; };
		52EF8337168E00110006DFA1 /* data_collector_logo.png in Resources */ = {isa = PBXBuildFile; fileRef = 52EF8332168E00110006DFA1 /* data_collector_logo.png */; };
		52EF833B168E00110006DFA1 /* icon.png in Resources */ = {isa = PBXBuildFile; fileRef = 52EF8336168E00110006DFA1 /* icon.png */; };
		52EF833D168E001D0006DFA1 /* spinner_orb.png in Resources */ = {isa = PBXBuildFile; fileRef = 52EF833C168E001D0006DFA1 /* spinner_orb.png */; };
		52EF833F168E00440006DFA1 /* Strings.strings in Resources */ = {isa = PBXBuildFile; fileRef = 52EF833E168E00440006DFA1 /* Strings.strings */; };
/* End PBXBuildFile section */

/* Begin PBXFileReference section */
		1D30AB110D05D00D00671497 /* Foundation.framework */ = {isa = PBXFileReference; lastKnownFileType = wrapper.framework; name = Foundation.framework; path = System/Library/Frameworks/Foundation.framework; sourceTree = SDKROOT; };
		1D3623240D0F684500981E51 /* SplashAppDelegate.h */ = {isa = PBXFileReference; fileEncoding = 4; lastKnownFileType = sourcecode.c.h; path = SplashAppDelegate.h; sourceTree = "<group>"; };
		1D3623250D0F684500981E51 /* SplashAppDelegate.m */ = {isa = PBXFileReference; fileEncoding = 4; lastKnownFileType = sourcecode.c.objc; path = SplashAppDelegate.m; sourceTree = "<group>"; };
		1D6058910D05DD3D006BFB54 /* Splash.app */ = {isa = PBXFileReference; explicitFileType = wrapper.application; includeInIndex = 0; path = Splash.app; sourceTree = BUILT_PRODUCTS_DIR; };
		1DF5F4DF0D08C38300B7A737 /* UIKit.framework */ = {isa = PBXFileReference; lastKnownFileType = wrapper.framework; name = UIKit.framework; path = System/Library/Frameworks/UIKit.framework; sourceTree = SDKROOT; };
		288765FC0DF74451002DB57D /* CoreGraphics.framework */ = {isa = PBXFileReference; lastKnownFileType = wrapper.framework; name = CoreGraphics.framework; path = System/Library/Frameworks/CoreGraphics.framework; sourceTree = SDKROOT; };
		28AD733E0D9D9553002E5188 /* MainWindow.xib */ = {isa = PBXFileReference; lastKnownFileType = file.xib; path = MainWindow.xib; sourceTree = "<group>"; };
		29B97316FDCFA39411CA2CEA /* main.m */ = {isa = PBXFileReference; fileEncoding = 4; lastKnownFileType = sourcecode.c.objc; path = main.m; sourceTree = "<group>"; };
		32CA4F630368D1EE00C91783 /* Splash_Prefix.pch */ = {isa = PBXFileReference; fileEncoding = 4; lastKnownFileType = sourcecode.c.h; path = Splash_Prefix.pch; sourceTree = "<group>"; };
		52A09673168E089E00DA6AF6 /* AboutView.h */ = {isa = PBXFileReference; fileEncoding = 4; lastKnownFileType = sourcecode.c.h; path = AboutView.h; sourceTree = "<group>"; };
		52A09674168E089E00DA6AF6 /* AboutView.m */ = {isa = PBXFileReference; fileEncoding = 4; lastKnownFileType = sourcecode.c.objc; path = AboutView.m; sourceTree = "<group>"; };
		52A09675168E089E00DA6AF6 /* AboutView.xib */ = {isa = PBXFileReference; lastKnownFileType = file.xib; name = AboutView.xib; path = Classes/AboutView.xib; sourceTree = "<group>"; };
		52A0968D168E08D500DA6AF6 /* GuideView.h */ = {isa = PBXFileReference; fileEncoding = 4; lastKnownFileType = sourcecode.c.h; path = GuideView.h; sourceTree = "<group>"; };
		52A0968E168E08D500DA6AF6 /* GuideView.m */ = {isa = PBXFileReference; fileEncoding = 4; lastKnownFileType = sourcecode.c.objc; path = GuideView.m; sourceTree = "<group>"; };
		52A0968F168E08D500DA6AF6 /* GuideView.xib */ = {isa = PBXFileReference; lastKnownFileType = file.xib; name = GuideView.xib; path = Classes/GuideView.xib; sourceTree = "<group>"; };
		52D0D754168E13AD008F092C /* MainWindow-iPad.xib */ = {isa = PBXFileReference; lastKnownFileType = file.xib; name = "MainWindow-iPad.xib"; path = "Resources-iPad/MainWindow-iPad.xib"; sourceTree = "<group>"; };
		52D0D75F168E14CB008F092C /* SplashView-iPad.xib */ = {isa = PBXFileReference; lastKnownFileType = file.xib; path = "SplashView-iPad.xib"; sourceTree = "<group>"; };
		52D0D7A5168E1CFB008F092C /* ManualView.h */ = {isa = PBXFileReference; fileEncoding = 4; lastKnownFileType = sourcecode.c.h; path = ManualView.h; sourceTree = "<group>"; };
		52D0D7A6168E1CFB008F092C /* ManualView.m */ = {isa = PBXFileReference; fileEncoding = 4; lastKnownFileType = sourcecode.c.objc; path = ManualView.m; sourceTree = "<group>"; };
		52D0D7A7168E1CFB008F092C /* ManualView.xib */ = {isa = PBXFileReference; lastKnownFileType = file.xib; name = ManualView.xib; path = Classes/ManualView.xib; sourceTree = "<group>"; };
		52E8ADC01691C5C20070B3DB /* green_button.png */ = {isa = PBXFileReference; lastKnownFileType = image.png; path = green_button.png; sourceTree = "<group>"; };
		52E8ADC11691C5C20070B3DB /* logo_red.png */ = {isa = PBXFileReference; lastKnownFileType = image.png; path = logo_red.png; sourceTree = "<group>"; };
		52E8ADC21691C5C20070B3DB /* red_button.png */ = {isa = PBXFileReference; lastKnownFileType = image.png; path = red_button.png; sourceTree = "<group>"; };
		52E8ADC31691C5C20070B3DB /* logo_green.png */ = {isa = PBXFileReference; lastKnownFileType = image.png; path = logo_green.png; sourceTree = "<group>"; };
		52E8ADC81691C5D30070B3DB /* button-37.wav */ = {isa = PBXFileReference; lastKnownFileType = audio.wav; path = "button-37.wav"; sourceTree = "<group>"; };
		52E8ADCC1691C5FB0070B3DB /* RestAPI.h */ = {isa = PBXFileReference; fileEncoding = 4; lastKnownFileType = sourcecode.c.h; path = RestAPI.h; sourceTree = "<group>"; };
		52E8ADCD1691C5FB0070B3DB /* RestAPI.m */ = {isa = PBXFileReference; fileEncoding = 4; lastKnownFileType = sourcecode.c.objc; path = RestAPI.m; sourceTree = "<group>"; };
		52E8ADCE1691C5FB0070B3DB /* RestAPIConnectionDelegate.h */ = {isa = PBXFileReference; fileEncoding = 4; lastKnownFileType = sourcecode.c.h; path = RestAPIConnectionDelegate.h; sourceTree = "<group>"; };
		52E8ADCF1691C5FB0070B3DB /* RestAPIConnectionDelegate.m */ = {isa = PBXFileReference; fileEncoding = 4; lastKnownFileType = sourcecode.c.objc; path = RestAPIConnectionDelegate.m; sourceTree = "<group>"; };
		52E8ADD31691C61A0070B3DB /* iSENSE_Data_CollectorViewController_iPad.m */ = {isa = PBXFileReference; fileEncoding = 4; lastKnownFileType = sourcecode.c.objc; path = iSENSE_Data_CollectorViewController_iPad.m; sourceTree = "<group>"; };
		52E8ADD41691C61A0070B3DB /* iSENSE_Data_CollectorViewController_iPad.h */ = {isa = PBXFileReference; fileEncoding = 4; lastKnownFileType = sourcecode.c.h; path = iSENSE_Data_CollectorViewController_iPad.h; sourceTree = "<group>"; };
		52E8ADE41691C7490070B3DB /* iSENSE_Data_CollectorAppDelegate.h */ = {isa = PBXFileReference; fileEncoding = 4; lastKnownFileType = sourcecode.c.h; path = iSENSE_Data_CollectorAppDelegate.h; sourceTree = "<group>"; };
		52E8ADE51691C7490070B3DB /* iSENSE_Data_CollectorAppDelegate.m */ = {isa = PBXFileReference; fileEncoding = 4; lastKnownFileType = sourcecode.c.objc; path = iSENSE_Data_CollectorAppDelegate.m; sourceTree = "<group>"; };
		52E8ADEB1691C7830070B3DB /* UIPicButton.h */ = {isa = PBXFileReference; fileEncoding = 4; lastKnownFileType = sourcecode.c.h; path = UIPicButton.h; sourceTree = "<group>"; };
		52E8ADEC1691C7830070B3DB /* UIPicButton.m */ = {isa = PBXFileReference; fileEncoding = 4; lastKnownFileType = sourcecode.c.objc; path = UIPicButton.m; sourceTree = "<group>"; };
		52E8ADFB1691C8000070B3DB /* AudioToolbox.framework */ = {isa = PBXFileReference; lastKnownFileType = wrapper.framework; name = AudioToolbox.framework; path = System/Library/Frameworks/AudioToolbox.framework; sourceTree = SDKROOT; };
		52EF82F4168DFCA60006DFA1 /* SplashView.h */ = {isa = PBXFileReference; fileEncoding = 4; lastKnownFileType = sourcecode.c.h; path = SplashView.h; sourceTree = "<group>"; };
		52EF82F5168DFCA60006DFA1 /* SplashView.m */ = {isa = PBXFileReference; fileEncoding = 4; lastKnownFileType = sourcecode.c.objc; path = SplashView.m; sourceTree = "<group>"; };
		52EF82F6168DFCA60006DFA1 /* SplashView.xib */ = {isa = PBXFileReference; lastKnownFileType = file.xib; name = SplashView.xib; path = Classes/SplashView.xib; sourceTree = "<group>"; };
		52EF8332168E00110006DFA1 /* data_collector_logo.png */ = {isa = PBXFileReference; lastKnownFileType = image.png; path = data_collector_logo.png; sourceTree = "<group>"; };
		52EF8336168E00110006DFA1 /* icon.png */ = {isa = PBXFileReference; lastKnownFileType = image.png; path = icon.png; sourceTree = "<group>"; };
		52EF833C168E001D0006DFA1 /* spinner_orb.png */ = {isa = PBXFileReference; lastKnownFileType = image.png; path = spinner_orb.png; sourceTree = "<group>"; };
		52EF833E168E00440006DFA1 /* Strings.strings */ = {isa = PBXFileReference; fileEncoding = 4; lastKnownFileType = text.plist.strings; path = Strings.strings; sourceTree = "<group>"; };
		8D1107310486CEB800E47090 /* Splash-Info.plist */ = {isa = PBXFileReference; fileEncoding = 4; lastKnownFileType = text.plist.xml; path = "Splash-Info.plist"; plistStructureDefinitionIdentifier = "com.apple.xcode.plist.structure-definition.iphone.info-plist"; sourceTree = "<group>"; };
/* End PBXFileReference section */

/* Begin PBXFrameworksBuildPhase section */
		1D60588F0D05DD3D006BFB54 /* Frameworks */ = {
			isa = PBXFrameworksBuildPhase;
			buildActionMask = 2147483647;
			files = (
				1D60589F0D05DD5A006BFB54 /* Foundation.framework in Frameworks */,
				1DF5F4E00D08C38300B7A737 /* UIKit.framework in Frameworks */,
				288765FD0DF74451002DB57D /* CoreGraphics.framework in Frameworks */,
				52E8ADFC1691C8000070B3DB /* AudioToolbox.framework in Frameworks */,
			);
			runOnlyForDeploymentPostprocessing = 0;
		};
/* End PBXFrameworksBuildPhase section */

/* Begin PBXGroup section */
		080E96DDFE201D6D7F000001 /* Source */ = {
			isa = PBXGroup;
			children = (
				52E8ADBE1691C54C0070B3DB /* Splash */,
				52E8ADD21691C60C0070B3DB /* Automatic */,
				52E8ADCB1691C5F00070B3DB /* RestAPI */,
				52E8ADE71691C7540070B3DB /* Objects */,
				52E8ADBD1691C5380070B3DB /* Delegate Files */,
			);
			name = Source;
			path = Classes;
			sourceTree = "<group>";
		};
		19C28FACFE9D520D11CA2CBB /* Products */ = {
			isa = PBXGroup;
			children = (
				1D6058910D05DD3D006BFB54 /* Splash.app */,
			);
			name = Products;
			sourceTree = "<group>";
		};
		29B97314FDCFA39411CA2CEA /* CustomTemplate */ = {
			isa = PBXGroup;
			children = (
				080E96DDFE201D6D7F000001 /* Source */,
				29B97317FDCFA39411CA2CEA /* Resources */,
				29B97323FDCFA39411CA2CEA /* Frameworks */,
				29B97315FDCFA39411CA2CEA /* Other Sources */,
				19C28FACFE9D520D11CA2CBB /* Products */,
			);
			name = CustomTemplate;
			sourceTree = "<group>";
		};
		29B97315FDCFA39411CA2CEA /* Other Sources */ = {
			isa = PBXGroup;
			children = (
				32CA4F630368D1EE00C91783 /* Splash_Prefix.pch */,
				29B97316FDCFA39411CA2CEA /* main.m */,
			);
			name = "Other Sources";
			sourceTree = "<group>";
		};
		29B97317FDCFA39411CA2CEA /* Resources */ = {
			isa = PBXGroup;
			children = (
				52EF82F9168DFCD60006DFA1 /* Drawable */,
				52EF82FD168DFCF40006DFA1 /* Raw */,
				52EF82FA168DFCDD0006DFA1 /* Layout-iPhone */,
				52EF82FB168DFCE40006DFA1 /* Layout-iPad */,
				52EF82FC168DFCEF0006DFA1 /* Strings */,
				8D1107310486CEB800E47090 /* Splash-Info.plist */,
			);
			name = Resources;
			sourceTree = "<group>";
		};
		29B97323FDCFA39411CA2CEA /* Frameworks */ = {
			isa = PBXGroup;
			children = (
				1DF5F4DF0D08C38300B7A737 /* UIKit.framework */,
				1D30AB110D05D00D00671497 /* Foundation.framework */,
				288765FC0DF74451002DB57D /* CoreGraphics.framework */,
				52E8ADFB1691C8000070B3DB /* AudioToolbox.framework */,
			);
			name = Frameworks;
			sourceTree = "<group>";
		};
		52E8ADBD1691C5380070B3DB /* Delegate Files */ = {
			isa = PBXGroup;
			children = (
				52E8ADE31691C7350070B3DB /* Automatic Delegate */,
				52E8ADE21691C72A0070B3DB /* Splash Delegate */,
			);
			name = "Delegate Files";
			sourceTree = "<group>";
		};
		52E8ADBE1691C54C0070B3DB /* Splash */ = {
			isa = PBXGroup;
			children = (
				52EF82F4168DFCA60006DFA1 /* SplashView.h */,
				52EF82F5168DFCA60006DFA1 /* SplashView.m */,
				52A09673168E089E00DA6AF6 /* AboutView.h */,
				52A09674168E089E00DA6AF6 /* AboutView.m */,
				52A0968D168E08D500DA6AF6 /* GuideView.h */,
				52A0968E168E08D500DA6AF6 /* GuideView.m */,
				52D0D7A5168E1CFB008F092C /* ManualView.h */,
				52D0D7A6168E1CFB008F092C /* ManualView.m */,
			);
			name = Splash;
			sourceTree = "<group>";
		};
		52E8ADCB1691C5F00070B3DB /* RestAPI */ = {
			isa = PBXGroup;
			children = (
				52E8ADCC1691C5FB0070B3DB /* RestAPI.h */,
				52E8ADCD1691C5FB0070B3DB /* RestAPI.m */,
				52E8ADCE1691C5FB0070B3DB /* RestAPIConnectionDelegate.h */,
				52E8ADCF1691C5FB0070B3DB /* RestAPIConnectionDelegate.m */,
			);
			name = RestAPI;
			sourceTree = "<group>";
		};
		52E8ADD21691C60C0070B3DB /* Automatic */ = {
			isa = PBXGroup;
			children = (
				52E8ADD31691C61A0070B3DB /* iSENSE_Data_CollectorViewController_iPad.m */,
				52E8ADD41691C61A0070B3DB /* iSENSE_Data_CollectorViewController_iPad.h */,
			);
			name = Automatic;
			sourceTree = "<group>";
		};
		52E8ADE21691C72A0070B3DB /* Splash Delegate */ = {
			isa = PBXGroup;
			children = (
				1D3623240D0F684500981E51 /* SplashAppDelegate.h */,
				1D3623250D0F684500981E51 /* SplashAppDelegate.m */,
			);
			name = "Splash Delegate";
			sourceTree = "<group>";
		};
		52E8ADE31691C7350070B3DB /* Automatic Delegate */ = {
			isa = PBXGroup;
			children = (
				52E8ADE41691C7490070B3DB /* iSENSE_Data_CollectorAppDelegate.h */,
				52E8ADE51691C7490070B3DB /* iSENSE_Data_CollectorAppDelegate.m */,
			);
			name = "Automatic Delegate";
			sourceTree = "<group>";
		};
		52E8ADE71691C7540070B3DB /* Objects */ = {
			isa = PBXGroup;
			children = (
				52E8ADE81691C76F0070B3DB /* UIPicButton */,
			);
			name = Objects;
			sourceTree = "<group>";
		};
		52E8ADE81691C76F0070B3DB /* UIPicButton */ = {
			isa = PBXGroup;
			children = (
				52E8ADEB1691C7830070B3DB /* UIPicButton.h */,
				52E8ADEC1691C7830070B3DB /* UIPicButton.m */,
			);
			name = UIPicButton;
			sourceTree = "<group>";
		};
		52EF82F9168DFCD60006DFA1 /* Drawable */ = {
			isa = PBXGroup;
			children = (
				52EF833C168E001D0006DFA1 /* spinner_orb.png */,
				52EF8332168E00110006DFA1 /* data_collector_logo.png */,
				52EF8336168E00110006DFA1 /* icon.png */,
				52E8ADC01691C5C20070B3DB /* green_button.png */,
				52E8ADC11691C5C20070B3DB /* logo_red.png */,
				52E8ADC21691C5C20070B3DB /* red_button.png */,
				52E8ADC31691C5C20070B3DB /* logo_green.png */,
			);
			name = Drawable;
			sourceTree = "<group>";
		};
		52EF82FA168DFCDD0006DFA1 /* Layout-iPhone */ = {
			isa = PBXGroup;
			children = (
				52A09675168E089E00DA6AF6 /* AboutView.xib */,
				52D0D7A7168E1CFB008F092C /* ManualView.xib */,
				52A0968F168E08D500DA6AF6 /* GuideView.xib */,
				28AD733E0D9D9553002E5188 /* MainWindow.xib */,
				52EF82F6168DFCA60006DFA1 /* SplashView.xib */,
			);
			name = "Layout-iPhone";
			sourceTree = "<group>";
		};
		52EF82FB168DFCE40006DFA1 /* Layout-iPad */ = {
			isa = PBXGroup;
			children = (
				52D0D754168E13AD008F092C /* MainWindow-iPad.xib */,
				52D0D75F168E14CB008F092C /* SplashView-iPad.xib */,
			);
			name = "Layout-iPad";
			sourceTree = "<group>";
		};
		52EF82FC168DFCEF0006DFA1 /* Strings */ = {
			isa = PBXGroup;
			children = (
				52EF833E168E00440006DFA1 /* Strings.strings */,
			);
			name = Strings;
			sourceTree = "<group>";
		};
		52EF82FD168DFCF40006DFA1 /* Raw */ = {
			isa = PBXGroup;
			children = (
				52E8ADC81691C5D30070B3DB /* button-37.wav */,
			);
			name = Raw;
			sourceTree = "<group>";
		};
/* End PBXGroup section */

/* Begin PBXNativeTarget section */
		1D6058900D05DD3D006BFB54 /* Splash */ = {
			isa = PBXNativeTarget;
			buildConfigurationList = 1D6058960D05DD3E006BFB54 /* Build configuration list for PBXNativeTarget "Splash" */;
			buildPhases = (
				1D60588D0D05DD3D006BFB54 /* Resources */,
				1D60588E0D05DD3D006BFB54 /* Sources */,
				1D60588F0D05DD3D006BFB54 /* Frameworks */,
			);
			buildRules = (
			);
			dependencies = (
			);
			name = Splash;
			productName = Splash;
			productReference = 1D6058910D05DD3D006BFB54 /* Splash.app */;
			productType = "com.apple.product-type.application";
		};
/* End PBXNativeTarget section */

/* Begin PBXProject section */
		29B97313FDCFA39411CA2CEA /* Project object */ = {
			isa = PBXProject;
			buildConfigurationList = C01FCF4E08A954540054247B /* Build configuration list for PBXProject "Splash" */;
			compatibilityVersion = "Xcode 3.1";
			developmentRegion = English;
			hasScannedForEncodings = 1;
			knownRegions = (
				English,
				Japanese,
				French,
				German,
			);
			mainGroup = 29B97314FDCFA39411CA2CEA /* CustomTemplate */;
			projectDirPath = "";
			projectRoot = "";
			targets = (
				1D6058900D05DD3D006BFB54 /* Splash */,
			);
		};
/* End PBXProject section */

/* Begin PBXResourcesBuildPhase section */
		1D60588D0D05DD3D006BFB54 /* Resources */ = {
			isa = PBXResourcesBuildPhase;
			buildActionMask = 2147483647;
			files = (
				28AD733F0D9D9553002E5188 /* MainWindow.xib in Resources */,
				52EF82F8168DFCA60006DFA1 /* SplashView.xib in Resources */,
				52EF8337168E00110006DFA1 /* data_collector_logo.png in Resources */,
				52EF833B168E00110006DFA1 /* icon.png in Resources */,
				52EF833D168E001D0006DFA1 /* spinner_orb.png in Resources */,
				52EF833F168E00440006DFA1 /* Strings.strings in Resources */,
				52A09677168E089E00DA6AF6 /* AboutView.xib in Resources */,
				52A09691168E08D500DA6AF6 /* GuideView.xib in Resources */,
				52D0D755168E13AD008F092C /* MainWindow-iPad.xib in Resources */,
				52D0D760168E14CB008F092C /* SplashView-iPad.xib in Resources */,
				52D0D7A9168E1CFB008F092C /* ManualView.xib in Resources */,
				52E8ADC41691C5C20070B3DB /* green_button.png in Resources */,
				52E8ADC51691C5C20070B3DB /* logo_red.png in Resources */,
				52E8ADC61691C5C20070B3DB /* red_button.png in Resources */,
				52E8ADC71691C5C20070B3DB /* logo_green.png in Resources */,
				52E8ADC91691C5D30070B3DB /* button-37.wav in Resources */,
			);
			runOnlyForDeploymentPostprocessing = 0;
		};
/* End PBXResourcesBuildPhase section */

/* Begin PBXSourcesBuildPhase section */
		1D60588E0D05DD3D006BFB54 /* Sources */ = {
			isa = PBXSourcesBuildPhase;
			buildActionMask = 2147483647;
			files = (
				1D60589B0D05DD56006BFB54 /* main.m in Sources */,
				1D3623260D0F684500981E51 /* SplashAppDelegate.m in Sources */,
				52EF82F7168DFCA60006DFA1 /* SplashView.m in Sources */,
				52A09676168E089E00DA6AF6 /* AboutView.m in Sources */,
				52A09690168E08D500DA6AF6 /* GuideView.m in Sources */,
				52D0D7A8168E1CFB008F092C /* ManualView.m in Sources */,
				52E8ADD01691C5FB0070B3DB /* RestAPI.m in Sources */,
				52E8ADD11691C5FB0070B3DB /* RestAPIConnectionDelegate.m in Sources */,
				52E8ADD51691C61A0070B3DB /* iSENSE_Data_CollectorViewController_iPad.m in Sources */,
				52E8ADE61691C7490070B3DB /* iSENSE_Data_CollectorAppDelegate.m in Sources */,
				52E8ADED1691C7830070B3DB /* UIPicButton.m in Sources */,
			);
			runOnlyForDeploymentPostprocessing = 0;
		};
/* End PBXSourcesBuildPhase section */

/* Begin XCBuildConfiguration section */
		1D6058940D05DD3E006BFB54 /* Debug */ = {
			isa = XCBuildConfiguration;
			buildSettings = {
				ALWAYS_SEARCH_USER_PATHS = NO;
				ARCHS = "$(ARCHS_STANDARD_32_BIT)";
				COPY_PHASE_STRIP = NO;
				GCC_DYNAMIC_NO_PIC = NO;
				GCC_OPTIMIZATION_LEVEL = 0;
				GCC_PRECOMPILE_PREFIX_HEADER = YES;
				GCC_PREFIX_HEADER = Splash_Prefix.pch;
				INFOPLIST_FILE = "Splash-Info.plist";
				PRODUCT_NAME = Splash;
				SDKROOT = iphoneos;
				TARGETED_DEVICE_FAMILY = "1,2";
			};
			name = Debug;
		};
		1D6058950D05DD3E006BFB54 /* Release */ = {
			isa = XCBuildConfiguration;
			buildSettings = {
				ALWAYS_SEARCH_USER_PATHS = NO;
				ARCHS = "$(ARCHS_STANDARD_32_BIT)";
				COPY_PHASE_STRIP = YES;
				GCC_PRECOMPILE_PREFIX_HEADER = YES;
				GCC_PREFIX_HEADER = Splash_Prefix.pch;
				INFOPLIST_FILE = "Splash-Info.plist";
				PRODUCT_NAME = Splash;
				SDKROOT = iphoneos;
				TARGETED_DEVICE_FAMILY = "1,2";
				VALIDATE_PRODUCT = YES;
			};
			name = Release;
		};
		C01FCF4F08A954540054247B /* Debug */ = {
			isa = XCBuildConfiguration;
			buildSettings = {
				ARCHS = "$(ARCHS_STANDARD_32_BIT)";
				"CODE_SIGN_IDENTITY[sdk=iphoneos*]" = "iPhone Developer";
				GCC_C_LANGUAGE_STANDARD = c99;
				GCC_WARN_ABOUT_RETURN_TYPE = YES;
				GCC_WARN_UNUSED_VARIABLE = YES;
				PREBINDING = NO;
				SDKROOT = iphoneos;
			};
			name = Debug;
		};
		C01FCF5008A954540054247B /* Release */ = {
			isa = XCBuildConfiguration;
			buildSettings = {
				ARCHS = "$(ARCHS_STANDARD_32_BIT)";
				"CODE_SIGN_IDENTITY[sdk=iphoneos*]" = "iPhone Developer";
				GCC_C_LANGUAGE_STANDARD = c99;
				GCC_WARN_ABOUT_RETURN_TYPE = YES;
				GCC_WARN_UNUSED_VARIABLE = YES;
				OTHER_CFLAGS = "-DNS_BLOCK_ASSERTIONS=1";
				PREBINDING = NO;
				SDKROOT = iphoneos;
			};
			name = Release;
		};
/* End XCBuildConfiguration section */

/* Begin XCConfigurationList section */
		1D6058960D05DD3E006BFB54 /* Build configuration list for PBXNativeTarget "Splash" */ = {
			isa = XCConfigurationList;
			buildConfigurations = (
				1D6058940D05DD3E006BFB54 /* Debug */,
				1D6058950D05DD3E006BFB54 /* Release */,
			);
			defaultConfigurationIsVisible = 0;
			defaultConfigurationName = Release;
		};
		C01FCF4E08A954540054247B /* Build configuration list for PBXProject "Splash" */ = {
			isa = XCConfigurationList;
			buildConfigurations = (
				C01FCF4F08A954540054247B /* Debug */,
				C01FCF5008A954540054247B /* Release */,
			);
			defaultConfigurationIsVisible = 0;
			defaultConfigurationName = Release;
		};
/* End XCConfigurationList section */
	};
	rootObject = 29B97313FDCFA39411CA2CEA /* Project object */;
}
